// !$*UTF8*$!
{
	archiveVersion = 1;
	classes = {
	};
	objectVersion = 46;
	objects = {

/* Begin PBXBuildFile section */
		4D0A3ACF1AE3DA940036C3CB /* copy.js in Sources */ = {isa = PBXBuildFile; fileRef = 4D0A3ACE1AE3DA940036C3CB /* copy.js */; };
		4D0A3AD01AE3DB6E0036C3CB /* copy.js in Resources */ = {isa = PBXBuildFile; fileRef = 4D0A3ACE1AE3DA940036C3CB /* copy.js */; };
		4D0A3AD21AE477F10036C3CB /* Reveal.framework in Frameworks */ = {isa = PBXBuildFile; fileRef = 4D0A3AD11AE477F10036C3CB /* Reveal.framework */; };
		4D2A401B1AAFDD9A005E9925 /* NSString+Sha1.m in Sources */ = {isa = PBXBuildFile; fileRef = 4D2A40141AAFDD9A005E9925 /* NSString+Sha1.m */; };
		4D2A401C1AAFDD9A005E9925 /* Reachability.m in Sources */ = {isa = PBXBuildFile; fileRef = 4D2A40161AAFDD9A005E9925 /* Reachability.m */; };
		4D2A401D1AAFDD9A005E9925 /* RNCachingURLProtocol.m in Sources */ = {isa = PBXBuildFile; fileRef = 4D2A40181AAFDD9A005E9925 /* RNCachingURLProtocol.m */; };
		4DB3DB6D1AAA5B95006E5DE1 /* Foundation.framework in Frameworks */ = {isa = PBXBuildFile; fileRef = 4DB3DB6C1AAA5B95006E5DE1 /* Foundation.framework */; };
		4DB3DB6F1AAA5B95006E5DE1 /* CoreGraphics.framework in Frameworks */ = {isa = PBXBuildFile; fileRef = 4DB3DB6E1AAA5B95006E5DE1 /* CoreGraphics.framework */; };
		4DB3DB711AAA5B95006E5DE1 /* UIKit.framework in Frameworks */ = {isa = PBXBuildFile; fileRef = 4DB3DB701AAA5B95006E5DE1 /* UIKit.framework */; };
		4DB3DB771AAA5B95006E5DE1 /* InfoPlist.strings in Resources */ = {isa = PBXBuildFile; fileRef = 4DB3DB751AAA5B95006E5DE1 /* InfoPlist.strings */; };
		4DB3DB791AAA5B95006E5DE1 /* main.m in Sources */ = {isa = PBXBuildFile; fileRef = 4DB3DB781AAA5B95006E5DE1 /* main.m */; };
		4DB3DB7D1AAA5B95006E5DE1 /* AppDelegate.m in Sources */ = {isa = PBXBuildFile; fileRef = 4DB3DB7C1AAA5B95006E5DE1 /* AppDelegate.m */; };
		4DB3DB801AAA5B96006E5DE1 /* Main.storyboard in Resources */ = {isa = PBXBuildFile; fileRef = 4DB3DB7E1AAA5B96006E5DE1 /* Main.storyboard */; };
		4DB3DB831AAA5B96006E5DE1 /* ViewController.m in Sources */ = {isa = PBXBuildFile; fileRef = 4DB3DB821AAA5B96006E5DE1 /* ViewController.m */; };
		4DB3DB851AAA5B96006E5DE1 /* Images.xcassets in Resources */ = {isa = PBXBuildFile; fileRef = 4DB3DB841AAA5B96006E5DE1 /* Images.xcassets */; };
		4DB3DB8C1AAA5B96006E5DE1 /* XCTest.framework in Frameworks */ = {isa = PBXBuildFile; fileRef = 4DB3DB8B1AAA5B96006E5DE1 /* XCTest.framework */; };
		4DB3DB8D1AAA5B96006E5DE1 /* Foundation.framework in Frameworks */ = {isa = PBXBuildFile; fileRef = 4DB3DB6C1AAA5B95006E5DE1 /* Foundation.framework */; };
		4DB3DB8E1AAA5B96006E5DE1 /* UIKit.framework in Frameworks */ = {isa = PBXBuildFile; fileRef = 4DB3DB701AAA5B95006E5DE1 /* UIKit.framework */; };
		4DB3DB961AAA5B96006E5DE1 /* InfoPlist.strings in Resources */ = {isa = PBXBuildFile; fileRef = 4DB3DB941AAA5B96006E5DE1 /* InfoPlist.strings */; };
		4DB3DB981AAA5B96006E5DE1 /* lagou_demoTests.m in Sources */ = {isa = PBXBuildFile; fileRef = 4DB3DB971AAA5B96006E5DE1 /* lagou_demoTests.m */; };
		4DD5D0831AB2019900405613 /* UIViewController+Swizzled.m in Sources */ = {isa = PBXBuildFile; fileRef = 4DD5D0821AB2019900405613 /* UIViewController+Swizzled.m */; };
/* End PBXBuildFile section */

/* Begin PBXContainerItemProxy section */
		4DB3DB8F1AAA5B96006E5DE1 /* PBXContainerItemProxy */ = {
			isa = PBXContainerItemProxy;
			containerPortal = 4DB3DB611AAA5B95006E5DE1 /* Project object */;
			proxyType = 1;
			remoteGlobalIDString = 4DB3DB681AAA5B95006E5DE1;
			remoteInfo = lagou_demo;
		};
/* End PBXContainerItemProxy section */

/* Begin PBXFileReference section */
		4D0A3ACE1AE3DA940036C3CB /* copy.js */ = {isa = PBXFileReference; fileEncoding = 4; lastKnownFileType = sourcecode.javascript; path = copy.js; sourceTree = "<group>"; };
		4D0A3AD11AE477F10036C3CB /* Reveal.framework */ = {isa = PBXFileReference; lastKnownFileType = wrapper.framework; path = Reveal.framework; sourceTree = "<group>"; };
		4D2A40131AAFDD9A005E9925 /* NSString+Sha1.h */ = {isa = PBXFileReference; fileEncoding = 4; lastKnownFileType = sourcecode.c.h; path = "NSString+Sha1.h"; sourceTree = "<group>"; };
		4D2A40141AAFDD9A005E9925 /* NSString+Sha1.m */ = {isa = PBXFileReference; fileEncoding = 4; lastKnownFileType = sourcecode.c.objc; path = "NSString+Sha1.m"; sourceTree = "<group>"; };
		4D2A40151AAFDD9A005E9925 /* Reachability.h */ = {isa = PBXFileReference; fileEncoding = 4; lastKnownFileType = sourcecode.c.h; lineEnding = 0; path = Reachability.h; sourceTree = "<group>"; xcLanguageSpecificationIdentifier = xcode.lang.objcpp; };
		4D2A40161AAFDD9A005E9925 /* Reachability.m */ = {isa = PBXFileReference; fileEncoding = 4; lastKnownFileType = sourcecode.c.objc; path = Reachability.m; sourceTree = "<group>"; };
		4D2A40171AAFDD9A005E9925 /* RNCachingURLProtocol.h */ = {isa = PBXFileReference; fileEncoding = 4; lastKnownFileType = sourcecode.c.h; path = RNCachingURLProtocol.h; sourceTree = "<group>"; };
		4D2A40181AAFDD9A005E9925 /* RNCachingURLProtocol.m */ = {isa = PBXFileReference; fileEncoding = 4; lastKnownFileType = sourcecode.c.objc; lineEnding = 0; path = RNCachingURLProtocol.m; sourceTree = "<group>"; xcLanguageSpecificationIdentifier = xcode.lang.objc; };
		4DB3DB691AAA5B95006E5DE1 /* lagou_demo.app */ = {isa = PBXFileReference; explicitFileType = wrapper.application; includeInIndex = 0; path = lagou_demo.app; sourceTree = BUILT_PRODUCTS_DIR; };
		4DB3DB6C1AAA5B95006E5DE1 /* Foundation.framework */ = {isa = PBXFileReference; lastKnownFileType = wrapper.framework; name = Foundation.framework; path = System/Library/Frameworks/Foundation.framework; sourceTree = SDKROOT; };
		4DB3DB6E1AAA5B95006E5DE1 /* CoreGraphics.framework */ = {isa = PBXFileReference; lastKnownFileType = wrapper.framework; name = CoreGraphics.framework; path = System/Library/Frameworks/CoreGraphics.framework; sourceTree = SDKROOT; };
		4DB3DB701AAA5B95006E5DE1 /* UIKit.framework */ = {isa = PBXFileReference; lastKnownFileType = wrapper.framework; name = UIKit.framework; path = System/Library/Frameworks/UIKit.framework; sourceTree = SDKROOT; };
		4DB3DB741AAA5B95006E5DE1 /* lagou_demo-Info.plist */ = {isa = PBXFileReference; lastKnownFileType = text.plist.xml; path = "lagou_demo-Info.plist"; sourceTree = "<group>"; };
		4DB3DB761AAA5B95006E5DE1 /* en */ = {isa = PBXFileReference; lastKnownFileType = text.plist.strings; name = en; path = en.lproj/InfoPlist.strings; sourceTree = "<group>"; };
		4DB3DB781AAA5B95006E5DE1 /* main.m */ = {isa = PBXFileReference; lastKnownFileType = sourcecode.c.objc; lineEnding = 0; path = main.m; sourceTree = "<group>"; xcLanguageSpecificationIdentifier = xcode.lang.objc; };
		4DB3DB7A1AAA5B95006E5DE1 /* lagou_demo-Prefix.pch */ = {isa = PBXFileReference; lastKnownFileType = sourcecode.c.h; path = "lagou_demo-Prefix.pch"; sourceTree = "<group>"; };
		4DB3DB7B1AAA5B95006E5DE1 /* AppDelegate.h */ = {isa = PBXFileReference; lastKnownFileType = sourcecode.c.h; path = AppDelegate.h; sourceTree = "<group>"; };
		4DB3DB7C1AAA5B95006E5DE1 /* AppDelegate.m */ = {isa = PBXFileReference; lastKnownFileType = sourcecode.c.objc; path = AppDelegate.m; sourceTree = "<group>"; };
		4DB3DB7F1AAA5B96006E5DE1 /* Base */ = {isa = PBXFileReference; lastKnownFileType = file.storyboard; name = Base; path = Base.lproj/Main.storyboard; sourceTree = "<group>"; };
		4DB3DB811AAA5B96006E5DE1 /* ViewController.h */ = {isa = PBXFileReference; lastKnownFileType = sourcecode.c.h; path = ViewController.h; sourceTree = "<group>"; };
		4DB3DB821AAA5B96006E5DE1 /* ViewController.m */ = {isa = PBXFileReference; lastKnownFileType = sourcecode.c.objc; path = ViewController.m; sourceTree = "<group>"; };
		4DB3DB841AAA5B96006E5DE1 /* Images.xcassets */ = {isa = PBXFileReference; lastKnownFileType = folder.assetcatalog; path = Images.xcassets; sourceTree = "<group>"; };
		4DB3DB8A1AAA5B96006E5DE1 /* lagou_demoTests.xctest */ = {isa = PBXFileReference; explicitFileType = wrapper.cfbundle; includeInIndex = 0; path = lagou_demoTests.xctest; sourceTree = BUILT_PRODUCTS_DIR; };
		4DB3DB8B1AAA5B96006E5DE1 /* XCTest.framework */ = {isa = PBXFileReference; lastKnownFileType = wrapper.framework; name = XCTest.framework; path = Library/Frameworks/XCTest.framework; sourceTree = DEVELOPER_DIR; };
		4DB3DB931AAA5B96006E5DE1 /* lagou_demoTests-Info.plist */ = {isa = PBXFileReference; lastKnownFileType = text.plist.xml; path = "lagou_demoTests-Info.plist"; sourceTree = "<group>"; };
		4DB3DB951AAA5B96006E5DE1 /* en */ = {isa = PBXFileReference; lastKnownFileType = text.plist.strings; name = en; path = en.lproj/InfoPlist.strings; sourceTree = "<group>"; };
		4DB3DB971AAA5B96006E5DE1 /* lagou_demoTests.m */ = {isa = PBXFileReference; lastKnownFileType = sourcecode.c.objc; lineEnding = 0; path = lagou_demoTests.m; sourceTree = "<group>"; xcLanguageSpecificationIdentifier = xcode.lang.objc; };
		4DD5D0811AB2019900405613 /* UIViewController+Swizzled.h */ = {isa = PBXFileReference; fileEncoding = 4; lastKnownFileType = sourcecode.c.h; path = "UIViewController+Swizzled.h"; sourceTree = "<group>"; };
		4DD5D0821AB2019900405613 /* UIViewController+Swizzled.m */ = {isa = PBXFileReference; fileEncoding = 4; lastKnownFileType = sourcecode.c.objc; lineEnding = 0; path = "UIViewController+Swizzled.m"; sourceTree = "<group>"; xcLanguageSpecificationIdentifier = xcode.lang.objc; };
/* End PBXFileReference section */

/* Begin PBXFrameworksBuildPhase section */
		4DB3DB661AAA5B95006E5DE1 /* Frameworks */ = {
			isa = PBXFrameworksBuildPhase;
			buildActionMask = 2147483647;
			files = (
				4DB3DB6F1AAA5B95006E5DE1 /* CoreGraphics.framework in Frameworks */,
				4DB3DB711AAA5B95006E5DE1 /* UIKit.framework in Frameworks */,
				4DB3DB6D1AAA5B95006E5DE1 /* Foundation.framework in Frameworks */,
				4D0A3AD21AE477F10036C3CB /* Reveal.framework in Frameworks */,
			);
			runOnlyForDeploymentPostprocessing = 0;
		};
		4DB3DB871AAA5B96006E5DE1 /* Frameworks */ = {
			isa = PBXFrameworksBuildPhase;
			buildActionMask = 2147483647;
			files = (
				4DB3DB8C1AAA5B96006E5DE1 /* XCTest.framework in Frameworks */,
				4DB3DB8E1AAA5B96006E5DE1 /* UIKit.framework in Frameworks */,
				4DB3DB8D1AAA5B96006E5DE1 /* Foundation.framework in Frameworks */,
			);
			runOnlyForDeploymentPostprocessing = 0;
		};
/* End PBXFrameworksBuildPhase section */

/* Begin PBXGroup section */
		4D2A40121AAFDD9A005E9925 /* NsurlProtocol */ = {
			isa = PBXGroup;
			children = (
				4D2A40131AAFDD9A005E9925 /* NSString+Sha1.h */,
				4D2A40141AAFDD9A005E9925 /* NSString+Sha1.m */,
				4D2A40151AAFDD9A005E9925 /* Reachability.h */,
				4D2A40161AAFDD9A005E9925 /* Reachability.m */,
				4D2A40171AAFDD9A005E9925 /* RNCachingURLProtocol.h */,
				4D2A40181AAFDD9A005E9925 /* RNCachingURLProtocol.m */,
			);
			path = NsurlProtocol;
			sourceTree = "<group>";
		};
		4DB3DB601AAA5B95006E5DE1 = {
			isa = PBXGroup;
			children = (
				4D0A3AD11AE477F10036C3CB /* Reveal.framework */,
				4D0A3ACE1AE3DA940036C3CB /* copy.js */,
				4DD5D0801AB2019900405613 /* swizzl */,
				4D2A40121AAFDD9A005E9925 /* NsurlProtocol */,
				4DB3DB721AAA5B95006E5DE1 /* lagou_demo */,
				4DB3DB911AAA5B96006E5DE1 /* lagou_demoTests */,
				4DB3DB6B1AAA5B95006E5DE1 /* Frameworks */,
				4DB3DB6A1AAA5B95006E5DE1 /* Products */,
			);
			sourceTree = "<group>";
		};
		4DB3DB6A1AAA5B95006E5DE1 /* Products */ = {
			isa = PBXGroup;
			children = (
				4DB3DB691AAA5B95006E5DE1 /* lagou_demo.app */,
				4DB3DB8A1AAA5B96006E5DE1 /* lagou_demoTests.xctest */,
			);
			name = Products;
			sourceTree = "<group>";
		};
		4DB3DB6B1AAA5B95006E5DE1 /* Frameworks */ = {
			isa = PBXGroup;
			children = (
				4DB3DB6C1AAA5B95006E5DE1 /* Foundation.framework */,
				4DB3DB6E1AAA5B95006E5DE1 /* CoreGraphics.framework */,
				4DB3DB701AAA5B95006E5DE1 /* UIKit.framework */,
				4DB3DB8B1AAA5B96006E5DE1 /* XCTest.framework */,
			);
			name = Frameworks;
			sourceTree = "<group>";
		};
		4DB3DB721AAA5B95006E5DE1 /* lagou_demo */ = {
			isa = PBXGroup;
			children = (
				4DB3DB7B1AAA5B95006E5DE1 /* AppDelegate.h */,
				4DB3DB7C1AAA5B95006E5DE1 /* AppDelegate.m */,
				4DB3DB7E1AAA5B96006E5DE1 /* Main.storyboard */,
				4DB3DB811AAA5B96006E5DE1 /* ViewController.h */,
				4DB3DB821AAA5B96006E5DE1 /* ViewController.m */,
				4DB3DB841AAA5B96006E5DE1 /* Images.xcassets */,
				4DB3DB731AAA5B95006E5DE1 /* Supporting Files */,
			);
			path = lagou_demo;
			sourceTree = "<group>";
		};
		4DB3DB731AAA5B95006E5DE1 /* Supporting Files */ = {
			isa = PBXGroup;
			children = (
				4DB3DB741AAA5B95006E5DE1 /* lagou_demo-Info.plist */,
				4DB3DB751AAA5B95006E5DE1 /* InfoPlist.strings */,
				4DB3DB781AAA5B95006E5DE1 /* main.m */,
				4DB3DB7A1AAA5B95006E5DE1 /* lagou_demo-Prefix.pch */,
			);
			name = "Supporting Files";
			sourceTree = "<group>";
		};
		4DB3DB911AAA5B96006E5DE1 /* lagou_demoTests */ = {
			isa = PBXGroup;
			children = (
				4DB3DB971AAA5B96006E5DE1 /* lagou_demoTests.m */,
				4DB3DB921AAA5B96006E5DE1 /* Supporting Files */,
			);
			path = lagou_demoTests;
			sourceTree = "<group>";
		};
		4DB3DB921AAA5B96006E5DE1 /* Supporting Files */ = {
			isa = PBXGroup;
			children = (
				4DB3DB931AAA5B96006E5DE1 /* lagou_demoTests-Info.plist */,
				4DB3DB941AAA5B96006E5DE1 /* InfoPlist.strings */,
			);
			name = "Supporting Files";
			sourceTree = "<group>";
		};
		4DD5D0801AB2019900405613 /* swizzl */ = {
			isa = PBXGroup;
			children = (
				4DD5D0811AB2019900405613 /* UIViewController+Swizzled.h */,
				4DD5D0821AB2019900405613 /* UIViewController+Swizzled.m */,
			);
			path = swizzl;
			sourceTree = "<group>";
		};
/* End PBXGroup section */

/* Begin PBXNativeTarget section */
		4DB3DB681AAA5B95006E5DE1 /* lagou_demo */ = {
			isa = PBXNativeTarget;
			buildConfigurationList = 4DB3DB9B1AAA5B96006E5DE1 /* Build configuration list for PBXNativeTarget "lagou_demo" */;
			buildPhases = (
				4DB3DB651AAA5B95006E5DE1 /* Sources */,
				4DB3DB661AAA5B95006E5DE1 /* Frameworks */,
				4DB3DB671AAA5B95006E5DE1 /* Resources */,
			);
			buildRules = (
			);
			dependencies = (
			);
			name = lagou_demo;
			productName = lagou_demo;
			productReference = 4DB3DB691AAA5B95006E5DE1 /* lagou_demo.app */;
			productType = "com.apple.product-type.application";
		};
		4DB3DB891AAA5B96006E5DE1 /* lagou_demoTests */ = {
			isa = PBXNativeTarget;
			buildConfigurationList = 4DB3DB9E1AAA5B96006E5DE1 /* Build configuration list for PBXNativeTarget "lagou_demoTests" */;
			buildPhases = (
				4DB3DB861AAA5B96006E5DE1 /* Sources */,
				4DB3DB871AAA5B96006E5DE1 /* Frameworks */,
				4DB3DB881AAA5B96006E5DE1 /* Resources */,
			);
			buildRules = (
			);
			dependencies = (
				4DB3DB901AAA5B96006E5DE1 /* PBXTargetDependency */,
			);
			name = lagou_demoTests;
			productName = lagou_demoTests;
			productReference = 4DB3DB8A1AAA5B96006E5DE1 /* lagou_demoTests.xctest */;
			productType = "com.apple.product-type.bundle.unit-test";
		};
/* End PBXNativeTarget section */

/* Begin PBXProject section */
		4DB3DB611AAA5B95006E5DE1 /* Project object */ = {
			isa = PBXProject;
			attributes = {
				LastUpgradeCheck = 0500;
				ORGANIZATIONNAME = Mark;
				TargetAttributes = {
					4DB3DB891AAA5B96006E5DE1 = {
						TestTargetID = 4DB3DB681AAA5B95006E5DE1;
					};
				};
			};
			buildConfigurationList = 4DB3DB641AAA5B95006E5DE1 /* Build configuration list for PBXProject "lagou_demo" */;
			compatibilityVersion = "Xcode 3.2";
			developmentRegion = English;
			hasScannedForEncodings = 0;
			knownRegions = (
				en,
				Base,
			);
			mainGroup = 4DB3DB601AAA5B95006E5DE1;
			productRefGroup = 4DB3DB6A1AAA5B95006E5DE1 /* Products */;
			projectDirPath = "";
			projectRoot = "";
			targets = (
				4DB3DB681AAA5B95006E5DE1 /* lagou_demo */,
				4DB3DB891AAA5B96006E5DE1 /* lagou_demoTests */,
			);
		};
/* End PBXProject section */

/* Begin PBXResourcesBuildPhase section */
		4DB3DB671AAA5B95006E5DE1 /* Resources */ = {
			isa = PBXResourcesBuildPhase;
			buildActionMask = 2147483647;
			files = (
				4D0A3AD01AE3DB6E0036C3CB /* copy.js in Resources */,
				4DB3DB851AAA5B96006E5DE1 /* Images.xcassets in Resources */,
				4DB3DB771AAA5B95006E5DE1 /* InfoPlist.strings in Resources */,
				4DB3DB801AAA5B96006E5DE1 /* Main.storyboard in Resources */,
			);
			runOnlyForDeploymentPostprocessing = 0;
		};
		4DB3DB881AAA5B96006E5DE1 /* Resources */ = {
			isa = PBXResourcesBuildPhase;
			buildActionMask = 2147483647;
			files = (
				4DB3DB961AAA5B96006E5DE1 /* InfoPlist.strings in Resources */,
			);
			runOnlyForDeploymentPostprocessing = 0;
		};
/* End PBXResourcesBuildPhase section */

/* Begin PBXSourcesBuildPhase section */
		4DB3DB651AAA5B95006E5DE1 /* Sources */ = {
			isa = PBXSourcesBuildPhase;
			buildActionMask = 2147483647;
			files = (
				4DB3DB831AAA5B96006E5DE1 /* ViewController.m in Sources */,
				4DB3DB7D1AAA5B95006E5DE1 /* AppDelegate.m in Sources */,
				4DD5D0831AB2019900405613 /* UIViewController+Swizzled.m in Sources */,
				4D2A401B1AAFDD9A005E9925 /* NSString+Sha1.m in Sources */,
				4DB3DB791AAA5B95006E5DE1 /* main.m in Sources */,
				4D0A3ACF1AE3DA940036C3CB /* copy.js in Sources */,
				4D2A401C1AAFDD9A005E9925 /* Reachability.m in Sources */,
				4D2A401D1AAFDD9A005E9925 /* RNCachingURLProtocol.m in Sources */,
			);
			runOnlyForDeploymentPostprocessing = 0;
		};
		4DB3DB861AAA5B96006E5DE1 /* Sources */ = {
			isa = PBXSourcesBuildPhase;
			buildActionMask = 2147483647;
			files = (
				4DB3DB981AAA5B96006E5DE1 /* lagou_demoTests.m in Sources */,
			);
			runOnlyForDeploymentPostprocessing = 0;
		};
/* End PBXSourcesBuildPhase section */

/* Begin PBXTargetDependency section */
		4DB3DB901AAA5B96006E5DE1 /* PBXTargetDependency */ = {
			isa = PBXTargetDependency;
			target = 4DB3DB681AAA5B95006E5DE1 /* lagou_demo */;
			targetProxy = 4DB3DB8F1AAA5B96006E5DE1 /* PBXContainerItemProxy */;
		};
/* End PBXTargetDependency section */

/* Begin PBXVariantGroup section */
		4DB3DB751AAA5B95006E5DE1 /* InfoPlist.strings */ = {
			isa = PBXVariantGroup;
			children = (
				4DB3DB761AAA5B95006E5DE1 /* en */,
			);
			name = InfoPlist.strings;
			sourceTree = "<group>";
		};
		4DB3DB7E1AAA5B96006E5DE1 /* Main.storyboard */ = {
			isa = PBXVariantGroup;
			children = (
				4DB3DB7F1AAA5B96006E5DE1 /* Base */,
			);
			name = Main.storyboard;
			sourceTree = "<group>";
		};
		4DB3DB941AAA5B96006E5DE1 /* InfoPlist.strings */ = {
			isa = PBXVariantGroup;
			children = (
				4DB3DB951AAA5B96006E5DE1 /* en */,
			);
			name = InfoPlist.strings;
			sourceTree = "<group>";
		};
/* End PBXVariantGroup section */

/* Begin XCBuildConfiguration section */
		4DB3DB991AAA5B96006E5DE1 /* Debug */ = {
			isa = XCBuildConfiguration;
			buildSettings = {
				ALWAYS_SEARCH_USER_PATHS = NO;
				ARCHS = "$(ARCHS_STANDARD_INCLUDING_64_BIT)";
				CLANG_CXX_LANGUAGE_STANDARD = "gnu++0x";
				CLANG_CXX_LIBRARY = "libc++";
				CLANG_ENABLE_MODULES = YES;
				CLANG_ENABLE_OBJC_ARC = YES;
				CLANG_WARN_BOOL_CONVERSION = YES;
				CLANG_WARN_CONSTANT_CONVERSION = YES;
				CLANG_WARN_DIRECT_OBJC_ISA_USAGE = YES_ERROR;
				CLANG_WARN_EMPTY_BODY = YES;
				CLANG_WARN_ENUM_CONVERSION = YES;
				CLANG_WARN_INT_CONVERSION = YES;
				CLANG_WARN_OBJC_ROOT_CLASS = YES_ERROR;
				CLANG_WARN__DUPLICATE_METHOD_MATCH = YES;
				"CODE_SIGN_IDENTITY[sdk=iphoneos*]" = "iPhone Developer";
				COPY_PHASE_STRIP = NO;
				GCC_C_LANGUAGE_STANDARD = gnu99;
				GCC_DYNAMIC_NO_PIC = NO;
				GCC_OPTIMIZATION_LEVEL = 0;
				GCC_PREPROCESSOR_DEFINITIONS = (
					"DEBUG=1",
					"$(inherited)",
				);
				GCC_SYMBOLS_PRIVATE_EXTERN = NO;
				GCC_WARN_64_TO_32_BIT_CONVERSION = YES;
				GCC_WARN_ABOUT_RETURN_TYPE = YES_ERROR;
				GCC_WARN_UNDECLARED_SELECTOR = YES;
				GCC_WARN_UNINITIALIZED_AUTOS = YES;
				GCC_WARN_UNUSED_FUNCTION = YES;
				GCC_WARN_UNUSED_VARIABLE = YES;
				IPHONEOS_DEPLOYMENT_TARGET = 6.0;
				ONLY_ACTIVE_ARCH = YES;
				SDKROOT = iphoneos;
			};
			name = Debug;
		};
		4DB3DB9A1AAA5B96006E5DE1 /* Release */ = {
			isa = XCBuildConfiguration;
			buildSettings = {
				ALWAYS_SEARCH_USER_PATHS = NO;
				ARCHS = "$(ARCHS_STANDARD_INCLUDING_64_BIT)";
				CLANG_CXX_LANGUAGE_STANDARD = "gnu++0x";
				CLANG_CXX_LIBRARY = "libc++";
				CLANG_ENABLE_MODULES = YES;
				CLANG_ENABLE_OBJC_ARC = YES;
				CLANG_WARN_BOOL_CONVERSION = YES;
				CLANG_WARN_CONSTANT_CONVERSION = YES;
				CLANG_WARN_DIRECT_OBJC_ISA_USAGE = YES_ERROR;
				CLANG_WARN_EMPTY_BODY = YES;
				CLANG_WARN_ENUM_CONVERSION = YES;
				CLANG_WARN_INT_CONVERSION = YES;
				CLANG_WARN_OBJC_ROOT_CLASS = YES_ERROR;
				CLANG_WARN__DUPLICATE_METHOD_MATCH = YES;
				"CODE_SIGN_IDENTITY[sdk=iphoneos*]" = "iPhone Developer";
				COPY_PHASE_STRIP = YES;
				ENABLE_NS_ASSERTIONS = NO;
				GCC_C_LANGUAGE_STANDARD = gnu99;
				GCC_WARN_64_TO_32_BIT_CONVERSION = YES;
				GCC_WARN_ABOUT_RETURN_TYPE = YES_ERROR;
				GCC_WARN_UNDECLARED_SELECTOR = YES;
				GCC_WARN_UNINITIALIZED_AUTOS = YES;
				GCC_WARN_UNUSED_FUNCTION = YES;
				GCC_WARN_UNUSED_VARIABLE = YES;
				IPHONEOS_DEPLOYMENT_TARGET = 6.0;
				SDKROOT = iphoneos;
				VALIDATE_PRODUCT = YES;
			};
			name = Release;
		};
		4DB3DB9C1AAA5B96006E5DE1 /* Debug */ = {
			isa = XCBuildConfiguration;
			buildSettings = {
				ASSETCATALOG_COMPILER_APPICON_NAME = AppIcon;
				ASSETCATALOG_COMPILER_LAUNCHIMAGE_NAME = LaunchImage;
				FRAMEWORK_SEARCH_PATHS = (
					"$(inherited)",
					"/Users/mark/Desktop/开发/lagou_demo",
				);
				GCC_PRECOMPILE_PREFIX_HEADER = YES;
				GCC_PREFIX_HEADER = "lagou_demo/lagou_demo-Prefix.pch";
				INFOPLIST_FILE = "lagou_demo/lagou_demo-Info.plist";
				IPHONEOS_DEPLOYMENT_TARGET = 6.0;
				OTHER_LDFLAGS = (
					"-ObjC",
					"-framework",
					Reveal,
				);
				PRODUCT_NAME = "$(TARGET_NAME)";
				WRAPPER_EXTENSION = app;
			};
			name = Debug;
		};
		4DB3DB9D1AAA5B96006E5DE1 /* Release */ = {
			isa = XCBuildConfiguration;
			buildSettings = {
				ASSETCATALOG_COMPILER_APPICON_NAME = AppIcon;
				ASSETCATALOG_COMPILER_LAUNCHIMAGE_NAME = LaunchImage;
				FRAMEWORK_SEARCH_PATHS = (
					"$(inherited)",
					"/Users/mark/Desktop/开发/lagou_demo",
				);
				GCC_PRECOMPILE_PREFIX_HEADER = YES;
				GCC_PREFIX_HEADER = "lagou_demo/lagou_demo-Prefix.pch";
				INFOPLIST_FILE = "lagou_demo/lagou_demo-Info.plist";
				IPHONEOS_DEPLOYMENT_TARGET = 6.0;
				OTHER_LDFLAGS = (
					"-ObjC",
					"-framework",
					Reveal,
				);
				PRODUCT_NAME = "$(TARGET_NAME)";
				WRAPPER_EXTENSION = app;
			};
			name = Release;
		};
		4DB3DB9F1AAA5B96006E5DE1 /* Debug */ = {
			isa = XCBuildConfiguration;
			buildSettings = {
				ARCHS = "$(ARCHS_STANDARD_INCLUDING_64_BIT)";
				BUNDLE_LOADER = "$(BUILT_PRODUCTS_DIR)/lagou_demo.app/lagou_demo";
				FRAMEWORK_SEARCH_PATHS = (
					"$(SDKROOT)/Developer/Library/Frameworks",
					"$(inherited)",
					"$(DEVELOPER_FRAMEWORKS_DIR)",
				);
				GCC_PRECOMPILE_PREFIX_HEADER = YES;
				GCC_PREFIX_HEADER = "lagou_demo/lagou_demo-Prefix.pch";
				GCC_PREPROCESSOR_DEFINITIONS = (
					"DEBUG=1",
					"$(inherited)",
				);
				INFOPLIST_FILE = "lagou_demoTests/lagou_demoTests-Info.plist";
				PRODUCT_NAME = "$(TARGET_NAME)";
				TEST_HOST = "$(BUNDLE_LOADER)";
				WRAPPER_EXTENSION = xctest;
			};
			name = Debug;
		};
		4DB3DBA01AAA5B96006E5DE1 /* Release */ = {
			isa = XCBuildConfiguration;
			buildSettings = {
				ARCHS = "$(ARCHS_STANDARD_INCLUDING_64_BIT)";
				BUNDLE_LOADER = "$(BUILT_PRODUCTS_DIR)/lagou_demo.app/lagou_demo";
				FRAMEWORK_SEARCH_PATHS = (
					"$(SDKROOT)/Developer/Library/Frameworks",
					"$(inherited)",
					"$(DEVELOPER_FRAMEWORKS_DIR)",
				);
				GCC_PRECOMPILE_PREFIX_HEADER = YES;
				GCC_PREFIX_HEADER = "lagou_demo/lagou_demo-Prefix.pch";
				INFOPLIST_FILE = "lagou_demoTests/lagou_demoTests-Info.plist";
				PRODUCT_NAME = "$(TARGET_NAME)";
				TEST_HOST = "$(BUNDLE_LOADER)";
				WRAPPER_EXTENSION = xctest;
			};
			name = Release;
		};
/* End XCBuildConfiguration section */

/* Begin XCConfigurationList section */
		4DB3DB641AAA5B95006E5DE1 /* Build configuration list for PBXProject "lagou_demo" */ = {
			isa = XCConfigurationList;
			buildConfigurations = (
				4DB3DB991AAA5B96006E5DE1 /* Debug */,
				4DB3DB9A1AAA5B96006E5DE1 /* Release */,
			);
			defaultConfigurationIsVisible = 0;
			defaultConfigurationName = Release;
		};
		4DB3DB9B1AAA5B96006E5DE1 /* Build configuration list for PBXNativeTarget "lagou_demo" */ = {
			isa = XCConfigurationList;
			buildConfigurations = (
				4DB3DB9C1AAA5B96006E5DE1 /* Debug */,
				4DB3DB9D1AAA5B96006E5DE1 /* Release */,
			);
			defaultConfigurationIsVisible = 0;
			defaultConfigurationName = Release;
		};
		4DB3DB9E1AAA5B96006E5DE1 /* Build configuration list for PBXNativeTarget "lagou_demoTests" */ = {
			isa = XCConfigurationList;
			buildConfigurations = (
				4DB3DB9F1AAA5B96006E5DE1 /* Debug */,
				4DB3DBA01AAA5B96006E5DE1 /* Release */,
			);
			defaultConfigurationIsVisible = 0;
			defaultConfigurationName = Release;
		};
/* End XCConfigurationList section */
	};
	rootObject = 4DB3DB611AAA5B95006E5DE1 /* Project object */;
}
